
Microsoft Visual Studio Solution File, Format Version 12.00
# Visual Studio Version 17
VisualStudioVersion = 17.8.34322.80
MinimumVisualStudioVersion = 10.0.40219.1
Project("{FAE04EC0-301F-11D3-BF4B-00C04F79EFBC}") = "ZadaniaWarunki", "ZadaniaWarunki\ZadaniaWarunki.csproj", "{094CA1C4-D6C5-44D7-A724-DD41FA52EEAF}"
EndProject
Global
	GlobalSection(SolutionConfigurationPlatforms) = preSolution
		Debug|Any CPU = Debug|Any CPU
		Release|Any CPU = Release|Any CPU
	EndGlobalSection
	GlobalSection(ProjectConfigurationPlatforms) = postSolution
		{094CA1C4-D6C5-44D7-A724-DD41FA52EEAF}.Debug|Any CPU.ActiveCfg = Debug|Any CPU
		{094CA1C4-D6C5-44D7-A724-DD41FA52EEAF}.Debug|Any CPU.Build.0 = Debug|Any CPU
		{094CA1C4-D6C5-44D7-A724-DD41FA52EEAF}.Release|Any CPU.ActiveCfg = Release|Any CPU
		{094CA1C4-D6C5-44D7-A724-DD41FA52EEAF}.Release|Any CPU.Build.0 = Release|Any CPU
	EndGlobalSection
	GlobalSection(SolutionProperties) = preSolution
		HideSolutionNode = FALSE
	EndGlobalSection
	GlobalSection(ExtensibilityGlobals) = postSolution
		SolutionGuid = {41DC65B5-F741-4D5B-B34A-A469F5507403}
	EndGlobalSection
EndGlobal
